
Microsoft Visual Studio Solution File, Format Version 12.00
# Visual Studio Version 16
VisualStudioVersion = 16.0.29911.84
MinimumVisualStudioVersion = 10.0.40219.1
Project("{FAE04EC0-301F-11D3-BF4B-00C04F79EFBC}") = "LionKingBankAccountApp", "LionKingBankAccountApp\LionKingBankAccountApp.csproj", "{F4E6161D-0453-4434-A743-63731B487498}"
EndProject
Global
	GlobalSection(SolutionConfigurationPlatforms) = preSolution
		Debug|Any CPU = Debug|Any CPU
		Release|Any CPU = Release|Any CPU
	EndGlobalSection
	GlobalSection(ProjectConfigurationPlatforms) = postSolution
		{F4E6161D-0453-4434-A743-63731B487498}.Debug|Any CPU.ActiveCfg = Debug|Any CPU
		{F4E6161D-0453-4434-A743-63731B487498}.Debug|Any CPU.Build.0 = Debug|Any CPU
		{F4E6161D-0453-4434-A743-63731B487498}.Release|Any CPU.ActiveCfg = Release|Any CPU
		{F4E6161D-0453-4434-A743-63731B487498}.Release|Any CPU.Build.0 = Release|Any CPU
	EndGlobalSection
	GlobalSection(SolutionProperties) = preSolution
		HideSolutionNode = FALSE
	EndGlobalSection
	GlobalSection(ExtensibilityGlobals) = postSolution
		SolutionGuid = {C8DD2C47-E4D6-4810-9236-45835267E1F1}
	EndGlobalSection
EndGlobal
